
Microsoft Visual Studio Solution File, Format Version 12.00
# Visual Studio Version 16
VisualStudioVersion = 16.0.29215.179
MinimumVisualStudioVersion = 10.0.40219.1
Project("{FAE04EC0-301F-11D3-BF4B-00C04F79EFBC}") = "Delegates", "Delegates\Delegates.csproj", "{81C3701C-6B5D-430D-9DE1-E1157D0E862A}"
EndProject
Global
	GlobalSection(SolutionConfigurationPlatforms) = preSolution
		Debug|Any CPU = Debug|Any CPU
		Release|Any CPU = Release|Any CPU
	EndGlobalSection
	GlobalSection(ProjectConfigurationPlatforms) = postSolution
		{81C3701C-6B5D-430D-9DE1-E1157D0E862A}.Debug|Any CPU.ActiveCfg = Debug|Any CPU
		{81C3701C-6B5D-430D-9DE1-E1157D0E862A}.Debug|Any CPU.Build.0 = Debug|Any CPU
		{81C3701C-6B5D-430D-9DE1-E1157D0E862A}.Release|Any CPU.ActiveCfg = Release|Any CPU
		{81C3701C-6B5D-430D-9DE1-E1157D0E862A}.Release|Any CPU.Build.0 = Release|Any CPU
	EndGlobalSection
	GlobalSection(SolutionProperties) = preSolution
		HideSolutionNode = FALSE
	EndGlobalSection
	GlobalSection(ExtensibilityGlobals) = postSolution
		SolutionGuid = {749D6BF4-55A5-42BF-B61B-F5551A9DD4FC}
	EndGlobalSection
EndGlobal
